
Microsoft Visual Studio Solution File, Format Version 12.00
# Visual Studio Version 16
VisualStudioVersion = 16.0.29123.88
MinimumVisualStudioVersion = 10.0.40219.1
Project("{9A19103F-16F7-4668-BE54-9A1E7A4F7556}") = "NameSorter", "NameSorter\NameSorter.csproj", "{E5041902-381C-46EC-9789-50D43CD61A61}"
EndProject
Project("{FAE04EC0-301F-11D3-BF4B-00C04F79EFBC}") = "NameSorterTest", "NameSorterTest\NameSorterTest.csproj", "{0F8F7909-0E99-4C0F-9FF9-A3C43CD1F9C9}"
EndProject
Global
	GlobalSection(SolutionConfigurationPlatforms) = preSolution
		Debug|Any CPU = Debug|Any CPU
		Release|Any CPU = Release|Any CPU
	EndGlobalSection
	GlobalSection(ProjectConfigurationPlatforms) = postSolution
		{E5041902-381C-46EC-9789-50D43CD61A61}.Debug|Any CPU.ActiveCfg = Debug|Any CPU
		{E5041902-381C-46EC-9789-50D43CD61A61}.Debug|Any CPU.Build.0 = Debug|Any CPU
		{E5041902-381C-46EC-9789-50D43CD61A61}.Release|Any CPU.ActiveCfg = Release|Any CPU
		{E5041902-381C-46EC-9789-50D43CD61A61}.Release|Any CPU.Build.0 = Release|Any CPU
		{0F8F7909-0E99-4C0F-9FF9-A3C43CD1F9C9}.Debug|Any CPU.ActiveCfg = Debug|Any CPU
		{0F8F7909-0E99-4C0F-9FF9-A3C43CD1F9C9}.Debug|Any CPU.Build.0 = Debug|Any CPU
		{0F8F7909-0E99-4C0F-9FF9-A3C43CD1F9C9}.Release|Any CPU.ActiveCfg = Release|Any CPU
		{0F8F7909-0E99-4C0F-9FF9-A3C43CD1F9C9}.Release|Any CPU.Build.0 = Release|Any CPU
	EndGlobalSection
	GlobalSection(SolutionProperties) = preSolution
		HideSolutionNode = FALSE
	EndGlobalSection
	GlobalSection(ExtensibilityGlobals) = postSolution
		SolutionGuid = {A99C2231-C572-480F-8EF7-6BEE5F1D8598}
	EndGlobalSection
EndGlobal
